
Microsoft Visual Studio Solution File, Format Version 12.00
# Visual Studio Version 17
VisualStudioVersion = 17.4.33110.190
MinimumVisualStudioVersion = 10.0.40219.1
Project("{FAE04EC0-301F-11D3-BF4B-00C04F79EFBC}") = "HydrothermalVents", "HydrothermalVents\HydrothermalVents.csproj", "{C3383B56-4C69-46B8-A09A-4D469870B390}"
EndProject
Project("{FAE04EC0-301F-11D3-BF4B-00C04F79EFBC}") = "HydrothermalVentsTests", "HydrothermalVentsTests\HydrothermalVentsTests.csproj", "{1F4DA559-F4A9-428E-A255-5F0291FB49A9}"
EndProject
Global
	GlobalSection(SolutionConfigurationPlatforms) = preSolution
		Debug|Any CPU = Debug|Any CPU
		Release|Any CPU = Release|Any CPU
	EndGlobalSection
	GlobalSection(ProjectConfigurationPlatforms) = postSolution
		{C3383B56-4C69-46B8-A09A-4D469870B390}.Debug|Any CPU.ActiveCfg = Debug|Any CPU
		{C3383B56-4C69-46B8-A09A-4D469870B390}.Debug|Any CPU.Build.0 = Debug|Any CPU
		{C3383B56-4C69-46B8-A09A-4D469870B390}.Release|Any CPU.ActiveCfg = Release|Any CPU
		{C3383B56-4C69-46B8-A09A-4D469870B390}.Release|Any CPU.Build.0 = Release|Any CPU
		{1F4DA559-F4A9-428E-A255-5F0291FB49A9}.Debug|Any CPU.ActiveCfg = Debug|Any CPU
		{1F4DA559-F4A9-428E-A255-5F0291FB49A9}.Debug|Any CPU.Build.0 = Debug|Any CPU
		{1F4DA559-F4A9-428E-A255-5F0291FB49A9}.Release|Any CPU.ActiveCfg = Release|Any CPU
		{1F4DA559-F4A9-428E-A255-5F0291FB49A9}.Release|Any CPU.Build.0 = Release|Any CPU
	EndGlobalSection
	GlobalSection(SolutionProperties) = preSolution
		HideSolutionNode = FALSE
	EndGlobalSection
	GlobalSection(ExtensibilityGlobals) = postSolution
		SolutionGuid = {E4B643BC-CFE8-4712-9AAE-54A0511968FC}
	EndGlobalSection
EndGlobal
